{
  "originHash" : "261312830ff22dc5ff6ae098a5fc98a1f02e7efde8beebaae449d4d714d17c22",
  "pins" : [
    {
      "identity" : "maplibre-gl-native-distribution",
      "kind" : "remoteSourceControl",
      "location" : "https://github.com/maplibre/maplibre-gl-native-distribution",
      "state" : {
        "revision" : "5d121591b60e837413391814ed88deca2aa7c1d8",
        "version" : "6.24.0"
      }
    },
    {
      "identity" : "swift-syntax",
      "kind" : "remoteSourceControl",
      "location" : "https://github.com/swiftlang/swift-syntax.git",
      "state" : {
        "revision" : "4799286537280063c85a32f09884cfbca301b1a1",
        "version" : "602.0.0"
      }
    },
    {
      "identity" : "swiftui-dsl",
      "kind" : "remoteSourceControl",
      "location" : "https://github.com/maplibre/swiftui-dsl",
      "state" : {
        "branch" : "main",
        "revision" : "04125633a1ac0d892287dbe4fa25c918098185a9"
      }
    }
  ],
  "version" : 3
}
